
Microsoft Visual Studio Solution File, Format Version 12.00
Project("{F2A71F9B-5D33-465A-A702-920D77279786}") = "day-04", "day-04.fsproj", "{81965F39-AA2F-43A0-BF70-6B527A548815}"
EndProject
Global
	GlobalSection(SolutionConfigurationPlatforms) = preSolution
		Debug|Any CPU = Debug|Any CPU
		Release|Any CPU = Release|Any CPU
	EndGlobalSection
	GlobalSection(ProjectConfigurationPlatforms) = postSolution
		{81965F39-AA2F-43A0-BF70-6B527A548815}.Debug|Any CPU.ActiveCfg = Debug|Any CPU
		{81965F39-AA2F-43A0-BF70-6B527A548815}.Debug|Any CPU.Build.0 = Debug|Any CPU
		{81965F39-AA2F-43A0-BF70-6B527A548815}.Release|Any CPU.ActiveCfg = Release|Any CPU
		{81965F39-AA2F-43A0-BF70-6B527A548815}.Release|Any CPU.Build.0 = Release|Any CPU
	EndGlobalSection
EndGlobal
